
Microsoft Visual Studio Solution File, Format Version 12.00
# Visual Studio Version 17
VisualStudioVersion = 17.14.36121.58 d17.14
MinimumVisualStudioVersion = 10.0.40219.1
Project("{FAE04EC0-301F-11D3-BF4B-00C04F79EFBC}") = "SimpleTaskTrackerApp", "SimpleTaskTrackerApp.csproj", "{01A33D85-A86B-4670-9435-6566CF5CC671}"
EndProject
Global
	GlobalSection(SolutionConfigurationPlatforms) = preSolution
		Debug|Any CPU = Debug|Any CPU
		Release|Any CPU = Release|Any CPU
	EndGlobalSection
	GlobalSection(ProjectConfigurationPlatforms) = postSolution
		{01A33D85-A86B-4670-9435-6566CF5CC671}.Debug|Any CPU.ActiveCfg = Debug|Any CPU
		{01A33D85-A86B-4670-9435-6566CF5CC671}.Debug|Any CPU.Build.0 = Debug|Any CPU
		{01A33D85-A86B-4670-9435-6566CF5CC671}.Release|Any CPU.ActiveCfg = Release|Any CPU
		{01A33D85-A86B-4670-9435-6566CF5CC671}.Release|Any CPU.Build.0 = Release|Any CPU
	EndGlobalSection
	GlobalSection(SolutionProperties) = preSolution
		HideSolutionNode = FALSE
	EndGlobalSection
	GlobalSection(ExtensibilityGlobals) = postSolution
		SolutionGuid = {5D0715D6-499A-4347-87B1-19AB3DAC332D}
	EndGlobalSection
EndGlobal
